Microsoft Visual Studio Solution File, Format Version 11.00
# Visual Studio 2008

Project("{ECC08457-C6C1-570E-C3EB-2C4C9C331E33}") = "lalla", "Assembly-CSharp-firstpass.csproj", "{A6286062-C5D6-C6DF-B575-F822B2F68E18}"
EndProject
Project("{ECC08457-C6C1-570E-C3EB-2C4C9C331E33}") = "lalla", "Assembly-CSharp.csproj", "{80DEBC2C-4224-9A31-487D-D85328C309F6}"
EndProject
Project("{ECC08457-C6C1-570E-C3EB-2C4C9C331E33}") = "lalla", "Assembly-CSharp-Editor.csproj", "{1EB8A4DF-0700-E42B-3EB6-437456EFCE42}"
EndProject
Global
	GlobalSection(SolutionConfigurationPlatforms) = preSolution
		Debug|Any CPU = Debug|Any CPU
		Release|Any CPU = Release|Any CPU
	EndGlobalSection
	GlobalSection(ProjectConfigurationPlatforms) = postSolution
		{A6286062-C5D6-C6DF-B575-F822B2F68E18}.Debug|Any CPU.ActiveCfg = Debug|Any CPU
		{A6286062-C5D6-C6DF-B575-F822B2F68E18}.Debug|Any CPU.Build.0 = Debug|Any CPU
		{A6286062-C5D6-C6DF-B575-F822B2F68E18}.Release|Any CPU.ActiveCfg = Release|Any CPU
		{A6286062-C5D6-C6DF-B575-F822B2F68E18}.Release|Any CPU.Build.0 = Release|Any CPU
		{80DEBC2C-4224-9A31-487D-D85328C309F6}.Debug|Any CPU.ActiveCfg = Debug|Any CPU
		{80DEBC2C-4224-9A31-487D-D85328C309F6}.Debug|Any CPU.Build.0 = Debug|Any CPU
		{80DEBC2C-4224-9A31-487D-D85328C309F6}.Release|Any CPU.ActiveCfg = Release|Any CPU
		{80DEBC2C-4224-9A31-487D-D85328C309F6}.Release|Any CPU.Build.0 = Release|Any CPU
		{1EB8A4DF-0700-E42B-3EB6-437456EFCE42}.Debug|Any CPU.ActiveCfg = Debug|Any CPU
		{1EB8A4DF-0700-E42B-3EB6-437456EFCE42}.Debug|Any CPU.Build.0 = Debug|Any CPU
		{1EB8A4DF-0700-E42B-3EB6-437456EFCE42}.Release|Any CPU.ActiveCfg = Release|Any CPU
		{1EB8A4DF-0700-E42B-3EB6-437456EFCE42}.Release|Any CPU.Build.0 = Release|Any CPU
	EndGlobalSection
	GlobalSection(SolutionProperties) = preSolution
		HideSolutionNode = FALSE
	EndGlobalSection
																																																																		GlobalSection(MonoDevelopProperties) = preSolution
		StartupItem = Assembly-CSharp.csproj
		Policies = $0
		$0.TextStylePolicy = $1
		$1.inheritsSet = null
		$1.scope = text/x-csharp
		$0.CSharpFormattingPolicy = $2
		$2.inheritsSet = Mono
		$2.inheritsScope = text/x-csharp
		$2.scope = text/x-csharp
		$0.TextStylePolicy = $3
		$3.FileWidth = 120
		$3.TabWidth = 4
		$3.IndentWidth = 4
		$3.EolMarker = Unix
		$3.inheritsSet = Mono
		$3.inheritsScope = text/plain
		$3.scope = text/plain
	EndGlobalSection

EndGlobal
